
Microsoft Visual Studio Solution File, Format Version 12.00
# Visual Studio 15
VisualStudioVersion = 15.0.28307.779
MinimumVisualStudioVersion = 10.0.40219.1
Project("{FAE04EC0-301F-11D3-BF4B-00C04F79EFBC}") = "Game", "Game\Game.csproj", "{46403B94-AD8A-459C-B5A0-89DA1EE5AE66}"
EndProject
Global
	GlobalSection(SolutionConfigurationPlatforms) = preSolution
		Debug|Any CPU = Debug|Any CPU
		Release|Any CPU = Release|Any CPU
	EndGlobalSection
	GlobalSection(ProjectConfigurationPlatforms) = postSolution
		{46403B94-AD8A-459C-B5A0-89DA1EE5AE66}.Debug|Any CPU.ActiveCfg = Debug|Any CPU
		{46403B94-AD8A-459C-B5A0-89DA1EE5AE66}.Debug|Any CPU.Build.0 = Debug|Any CPU
		{46403B94-AD8A-459C-B5A0-89DA1EE5AE66}.Release|Any CPU.ActiveCfg = Release|Any CPU
		{46403B94-AD8A-459C-B5A0-89DA1EE5AE66}.Release|Any CPU.Build.0 = Release|Any CPU
	EndGlobalSection
	GlobalSection(SolutionProperties) = preSolution
		HideSolutionNode = FALSE
	EndGlobalSection
	GlobalSection(ExtensibilityGlobals) = postSolution
		SolutionGuid = {1CE14EFF-75FB-4E14-9A1F-E0186785DA7A}
	EndGlobalSection
EndGlobal
